
Microsoft Visual Studio Solution File, Format Version 12.00
# Visual Studio Version 16
VisualStudioVersion = 16.0.31624.102
MinimumVisualStudioVersion = 10.0.40219.1
Project("{8BC9CEB8-8B4A-11D0-8D11-00A0C91BC942}") = "Hesh", "Hesh.vcxproj", "{C2735550-B31C-4F09-AE7A-95C0ADC139BF}"
EndProject
Global
	GlobalSection(SolutionConfigurationPlatforms) = preSolution
		Debug|x64 = Debug|x64
		Debug|x86 = Debug|x86
		Release|x64 = Release|x64
		Release|x86 = Release|x86
	EndGlobalSection
	GlobalSection(ProjectConfigurationPlatforms) = postSolution
		{C2735550-B31C-4F09-AE7A-95C0ADC139BF}.Debug|x64.ActiveCfg = Debug|x64
		{C2735550-B31C-4F09-AE7A-95C0ADC139BF}.Debug|x64.Build.0 = Debug|x64
		{C2735550-B31C-4F09-AE7A-95C0ADC139BF}.Debug|x86.ActiveCfg = Debug|Win32
		{C2735550-B31C-4F09-AE7A-95C0ADC139BF}.Debug|x86.Build.0 = Debug|Win32
		{C2735550-B31C-4F09-AE7A-95C0ADC139BF}.Release|x64.ActiveCfg = Release|x64
		{C2735550-B31C-4F09-AE7A-95C0ADC139BF}.Release|x64.Build.0 = Release|x64
		{C2735550-B31C-4F09-AE7A-95C0ADC139BF}.Release|x86.ActiveCfg = Release|Win32
		{C2735550-B31C-4F09-AE7A-95C0ADC139BF}.Release|x86.Build.0 = Release|Win32
	EndGlobalSection
	GlobalSection(SolutionProperties) = preSolution
		HideSolutionNode = FALSE
	EndGlobalSection
	GlobalSection(ExtensibilityGlobals) = postSolution
		SolutionGuid = {AD3218E1-FE1B-47B8-BDBB-CE6A6FBDB63E}
	EndGlobalSection
EndGlobal
